
Microsoft Visual Studio Solution File, Format Version 12.00
# Visual Studio Version 16
VisualStudioVersion = 16.0.29613.14
MinimumVisualStudioVersion = 10.0.40219.1
Project("{FAE04EC0-301F-11D3-BF4B-00C04F79EFBC}") = "DpcNtwk.API", "DpcNtwk.API.csproj", "{94FF44E5-6126-47FE-9DED-9AE589F02ADB}"
EndProject
Global
	GlobalSection(SolutionConfigurationPlatforms) = preSolution
		Debug|Any CPU = Debug|Any CPU
		Release|Any CPU = Release|Any CPU
	EndGlobalSection
	GlobalSection(ProjectConfigurationPlatforms) = postSolution
		{94FF44E5-6126-47FE-9DED-9AE589F02ADB}.Debug|Any CPU.ActiveCfg = Debug|Any CPU
		{94FF44E5-6126-47FE-9DED-9AE589F02ADB}.Debug|Any CPU.Build.0 = Debug|Any CPU
		{94FF44E5-6126-47FE-9DED-9AE589F02ADB}.Release|Any CPU.ActiveCfg = Release|Any CPU
		{94FF44E5-6126-47FE-9DED-9AE589F02ADB}.Release|Any CPU.Build.0 = Release|Any CPU
	EndGlobalSection
	GlobalSection(SolutionProperties) = preSolution
		HideSolutionNode = FALSE
	EndGlobalSection
	GlobalSection(ExtensibilityGlobals) = postSolution
		SolutionGuid = {2A137BD7-D04D-44C7-9664-BBD9992EB418}
	EndGlobalSection
EndGlobal
